
Microsoft Visual Studio Solution File, Format Version 12.00
# Visual Studio 2012
Project("{FAE04EC0-301F-11D3-BF4B-00C04F79EFBC}") = "XboxGamesListAndVoting", "XboxGamesListAndVoting\XboxGamesListAndVoting.csproj", "{B4B13699-7C9A-4B01-A17C-B7182BB92481}"
EndProject
Project("{FAE04EC0-301F-11D3-BF4B-00C04F79EFBC}") = "XboxGamesListAndVoting.Tests", "XboxGamesListAndVoting.Tests\XboxGamesListAndVoting.Tests.csproj", "{2F8B481E-BD7E-4EC6-8149-989C77BDDAA7}"
EndProject
Global
	GlobalSection(SolutionConfigurationPlatforms) = preSolution
		Debug|Any CPU = Debug|Any CPU
		Release|Any CPU = Release|Any CPU
	EndGlobalSection
	GlobalSection(ProjectConfigurationPlatforms) = postSolution
		{B4B13699-7C9A-4B01-A17C-B7182BB92481}.Debug|Any CPU.ActiveCfg = Debug|Any CPU
		{B4B13699-7C9A-4B01-A17C-B7182BB92481}.Debug|Any CPU.Build.0 = Debug|Any CPU
		{B4B13699-7C9A-4B01-A17C-B7182BB92481}.Release|Any CPU.ActiveCfg = Release|Any CPU
		{B4B13699-7C9A-4B01-A17C-B7182BB92481}.Release|Any CPU.Build.0 = Release|Any CPU
		{2F8B481E-BD7E-4EC6-8149-989C77BDDAA7}.Debug|Any CPU.ActiveCfg = Debug|Any CPU
		{2F8B481E-BD7E-4EC6-8149-989C77BDDAA7}.Debug|Any CPU.Build.0 = Debug|Any CPU
		{2F8B481E-BD7E-4EC6-8149-989C77BDDAA7}.Release|Any CPU.ActiveCfg = Release|Any CPU
		{2F8B481E-BD7E-4EC6-8149-989C77BDDAA7}.Release|Any CPU.Build.0 = Release|Any CPU
	EndGlobalSection
	GlobalSection(SolutionProperties) = preSolution
		HideSolutionNode = FALSE
	EndGlobalSection
EndGlobal
